
Microsoft Visual Studio Solution File, Format Version 12.00
# Visual Studio Version 17
VisualStudioVersion = 17.7.34221.43
MinimumVisualStudioVersion = 10.0.40219.1
Project("{FAE04EC0-301F-11D3-BF4B-00C04F79EFBC}") = "RaspagemPrec", "RaspagemPrec\RaspagemPrec.csproj", "{D7D63310-6239-42AA-9A1A-009EFFCEC955}"
EndProject
Global
	GlobalSection(SolutionConfigurationPlatforms) = preSolution
		Debug|Any CPU = Debug|Any CPU
		Release|Any CPU = Release|Any CPU
	EndGlobalSection
	GlobalSection(ProjectConfigurationPlatforms) = postSolution
		{D7D63310-6239-42AA-9A1A-009EFFCEC955}.Debug|Any CPU.ActiveCfg = Debug|Any CPU
		{D7D63310-6239-42AA-9A1A-009EFFCEC955}.Debug|Any CPU.Build.0 = Debug|Any CPU
		{D7D63310-6239-42AA-9A1A-009EFFCEC955}.Release|Any CPU.ActiveCfg = Release|Any CPU
		{D7D63310-6239-42AA-9A1A-009EFFCEC955}.Release|Any CPU.Build.0 = Release|Any CPU
	EndGlobalSection
	GlobalSection(SolutionProperties) = preSolution
		HideSolutionNode = FALSE
	EndGlobalSection
	GlobalSection(ExtensibilityGlobals) = postSolution
		SolutionGuid = {4198EB53-3B28-4941-9B77-BAB263A81A5C}
	EndGlobalSection
EndGlobal
